// !$*UTF8*$!
{
	archiveVersion = 1;
	classes = {
	};
	objectVersion = 48;
	objects = {

/* Begin PBXBuildFile section */
		30CF32A4F76AC1A456CA46AA /* Pods_hackyeah.framework in Frameworks */ = {isa = PBXBuildFile; fileRef = 62853DF3B9A151C89BDB5942 /* Pods_hackyeah.framework */; };
		3721DFFB1FA52B720026DCE2 /* cert.der in Resources */ = {isa = PBXBuildFile; fileRef = 3721DFFA1FA52B720026DCE2 /* cert.der */; };
		377BB51A1FA4B237005A3A28 /* AppDelegate.swift in Sources */ = {isa = PBXBuildFile; fileRef = 377BB5191FA4B237005A3A28 /* AppDelegate.swift */; };
		377BB51C1FA4B237005A3A28 /* ViewController.swift in Sources */ = {isa = PBXBuildFile; fileRef = 377BB51B1FA4B237005A3A28 /* ViewController.swift */; };
		377BB51F1FA4B237005A3A28 /* Main.storyboard in Resources */ = {isa = PBXBuildFile; fileRef = 377BB51D1FA4B237005A3A28 /* Main.storyboard */; };
		377BB5211FA4B237005A3A28 /* Assets.xcassets in Resources */ = {isa = PBXBuildFile; fileRef = 377BB5201FA4B237005A3A28 /* Assets.xcassets */; };
		377BB5241FA4B237005A3A28 /* LaunchScreen.storyboard in Resources */ = {isa = PBXBuildFile; fileRef = 377BB5221FA4B237005A3A28 /* LaunchScreen.storyboard */; };
		377BB52F1FA4B237005A3A28 /* hackyeahTests.swift in Sources */ = {isa = PBXBuildFile; fileRef = 377BB52E1FA4B237005A3A28 /* hackyeahTests.swift */; };
		378F50ED1FA5E79D005FD764 /* out.wav in Resources */ = {isa = PBXBuildFile; fileRef = 378F50EB1FA5E79D005FD764 /* out.wav */; };
		378F50EE1FA5E79D005FD764 /* in.wav in Resources */ = {isa = PBXBuildFile; fileRef = 378F50EC1FA5E79D005FD764 /* in.wav */; };
		37D4A7351FA4BB0F006BB1F8 /* BeaconService.swift in Sources */ = {isa = PBXBuildFile; fileRef = 37D4A7341FA4BB0F006BB1F8 /* BeaconService.swift */; };
		37D4A7371FA4F18C006BB1F8 /* APIClient.swift in Sources */ = {isa = PBXBuildFile; fileRef = 37D4A7361FA4F18C006BB1F8 /* APIClient.swift */; };
		37D4A7391FA4F4CD006BB1F8 /* LoginViewController.swift in Sources */ = {isa = PBXBuildFile; fileRef = 37D4A7381FA4F4CD006BB1F8 /* LoginViewController.swift */; };
		AA4B26A25948DD8925B568E3 /* Pods_hackyeahTests.framework in Frameworks */ = {isa = PBXBuildFile; fileRef = BFC70C9EAACD1B463732E942 /* Pods_hackyeahTests.framework */; };
/* End PBXBuildFile section */

/* Begin PBXContainerItemProxy section */
		377BB52B1FA4B237005A3A28 /* PBXContainerItemProxy */ = {
			isa = PBXContainerItemProxy;
			containerPortal = 377BB50E1FA4B237005A3A28 /* Project object */;
			proxyType = 1;
			remoteGlobalIDString = 377BB5151FA4B237005A3A28;
			remoteInfo = hackyeah;
		};
/* End PBXContainerItemProxy section */

/* Begin PBXFileReference section */
		0E9D094C547831D6641217F7 /* Pods-hackyeah.debug.xcconfig */ = {isa = PBXFileReference; includeInIndex = 1; lastKnownFileType = text.xcconfig; name = "Pods-hackyeah.debug.xcconfig"; path = "Pods/Target Support Files/Pods-hackyeah/Pods-hackyeah.debug.xcconfig"; sourceTree = "<group>"; };
		3721DFFA1FA52B720026DCE2 /* cert.der */ = {isa = PBXFileReference; lastKnownFileType = file; path = cert.der; sourceTree = "<group>"; };
		377BB5161FA4B237005A3A28 /* hackyeah.app */ = {isa = PBXFileReference; explicitFileType = wrapper.application; includeInIndex = 0; path = hackyeah.app; sourceTree = BUILT_PRODUCTS_DIR; };
		377BB5191FA4B237005A3A28 /* AppDelegate.swift */ = {isa = PBXFileReference; lastKnownFileType = sourcecode.swift; path = AppDelegate.swift; sourceTree = "<group>"; };
		377BB51B1FA4B237005A3A28 /* ViewController.swift */ = {isa = PBXFileReference; lastKnownFileType = sourcecode.swift; path = ViewController.swift; sourceTree = "<group>"; };
		377BB51E1FA4B237005A3A28 /* Base */ = {isa = PBXFileReference; lastKnownFileType = file.storyboard; name = Base; path = Base.lproj/Main.storyboard; sourceTree = "<group>"; };
		377BB5201FA4B237005A3A28 /* Assets.xcassets */ = {isa = PBXFileReference; lastKnownFileType = folder.assetcatalog; path = Assets.xcassets; sourceTree = "<group>"; };
		377BB5231FA4B237005A3A28 /* Base */ = {isa = PBXFileReference; lastKnownFileType = file.storyboard; name = Base; path = Base.lproj/LaunchScreen.storyboard; sourceTree = "<group>"; };
		377BB5251FA4B237005A3A28 /* Info.plist */ = {isa = PBXFileReference; lastKnownFileType = text.plist.xml; path = Info.plist; sourceTree = "<group>"; };
		377BB52A1FA4B237005A3A28 /* hackyeahTests.xctest */ = {isa = PBXFileReference; explicitFileType = wrapper.cfbundle; includeInIndex = 0; path = hackyeahTests.xctest; sourceTree = BUILT_PRODUCTS_DIR; };
		377BB52E1FA4B237005A3A28 /* hackyeahTests.swift */ = {isa = PBXFileReference; lastKnownFileType = sourcecode.swift; path = hackyeahTests.swift; sourceTree = "<group>"; };
		377BB5301FA4B237005A3A28 /* Info.plist */ = {isa = PBXFileReference; lastKnownFileType = text.plist.xml; path = Info.plist; sourceTree = "<group>"; };
		377FB0041FA5D8E600FD8704 /* hackyeah-Bridging-Header.h */ = {isa = PBXFileReference; lastKnownFileType = sourcecode.c.h; path = "hackyeah-Bridging-Header.h"; sourceTree = "<group>"; };
		378F50EB1FA5E79D005FD764 /* out.wav */ = {isa = PBXFileReference; lastKnownFileType = audio.wav; path = out.wav; sourceTree = "<group>"; };
		378F50EC1FA5E79D005FD764 /* in.wav */ = {isa = PBXFileReference; lastKnownFileType = audio.wav; path = in.wav; sourceTree = "<group>"; };
		37D4A7341FA4BB0F006BB1F8 /* BeaconService.swift */ = {isa = PBXFileReference; lastKnownFileType = sourcecode.swift; path = BeaconService.swift; sourceTree = "<group>"; };
		37D4A7361FA4F18C006BB1F8 /* APIClient.swift */ = {isa = PBXFileReference; lastKnownFileType = sourcecode.swift; path = APIClient.swift; sourceTree = "<group>"; };
		37D4A7381FA4F4CD006BB1F8 /* LoginViewController.swift */ = {isa = PBXFileReference; lastKnownFileType = sourcecode.swift; path = LoginViewController.swift; sourceTree = "<group>"; };
		62853DF3B9A151C89BDB5942 /* Pods_hackyeah.framework */ = {isa = PBXFileReference; explicitFileType = wrapper.framework; includeInIndex = 0; path = Pods_hackyeah.framework; sourceTree = BUILT_PRODUCTS_DIR; };
		9EC4C013310FC324D5616E73 /* Pods-hackyeah.release.xcconfig */ = {isa = PBXFileReference; includeInIndex = 1; lastKnownFileType = text.xcconfig; name = "Pods-hackyeah.release.xcconfig"; path = "Pods/Target Support Files/Pods-hackyeah/Pods-hackyeah.release.xcconfig"; sourceTree = "<group>"; };
		BFC70C9EAACD1B463732E942 /* Pods_hackyeahTests.framework */ = {isa = PBXFileReference; explicitFileType = wrapper.framework; includeInIndex = 0; path = Pods_hackyeahTests.framework; sourceTree = BUILT_PRODUCTS_DIR; };
		C0D14EAC1CEDC4BD3EDDF9A7 /* Pods-hackyeahTests.release.xcconfig */ = {isa = PBXFileReference; includeInIndex = 1; lastKnownFileType = text.xcconfig; name = "Pods-hackyeahTests.release.xcconfig"; path = "Pods/Target Support Files/Pods-hackyeahTests/Pods-hackyeahTests.release.xcconfig"; sourceTree = "<group>"; };
		E2F7191342B6F4BDD7321F6F /* Pods-hackyeahTests.debug.xcconfig */ = {isa = PBXFileReference; includeInIndex = 1; lastKnownFileType = text.xcconfig; name = "Pods-hackyeahTests.debug.xcconfig"; path = "Pods/Target Support Files/Pods-hackyeahTests/Pods-hackyeahTests.debug.xcconfig"; sourceTree = "<group>"; };
/* End PBXFileReference section */

/* Begin PBXFrameworksBuildPhase section */
		377BB5131FA4B237005A3A28 /* Frameworks */ = {
			isa = PBXFrameworksBuildPhase;
			buildActionMask = 2147483647;
			files = (
				30CF32A4F76AC1A456CA46AA /* Pods_hackyeah.framework in Frameworks */,
			);
			runOnlyForDeploymentPostprocessing = 0;
		};
		377BB5271FA4B237005A3A28 /* Frameworks */ = {
			isa = PBXFrameworksBuildPhase;
			buildActionMask = 2147483647;
			files = (
				AA4B26A25948DD8925B568E3 /* Pods_hackyeahTests.framework in Frameworks */,
			);
			runOnlyForDeploymentPostprocessing = 0;
		};
/* End PBXFrameworksBuildPhase section */

/* Begin PBXGroup section */
		377BB50D1FA4B237005A3A28 = {
			isa = PBXGroup;
			children = (
				377BB5181FA4B237005A3A28 /* hackyeah */,
				377BB52D1FA4B237005A3A28 /* hackyeahTests */,
				377BB5171FA4B237005A3A28 /* Products */,
				451847A0190889FC45D42136 /* Pods */,
				A652CEC237CE918F6C9F7322 /* Frameworks */,
			);
			sourceTree = "<group>";
		};
		377BB5171FA4B237005A3A28 /* Products */ = {
			isa = PBXGroup;
			children = (
				377BB5161FA4B237005A3A28 /* hackyeah.app */,
				377BB52A1FA4B237005A3A28 /* hackyeahTests.xctest */,
			);
			name = Products;
			sourceTree = "<group>";
		};
		377BB5181FA4B237005A3A28 /* hackyeah */ = {
			isa = PBXGroup;
			children = (
				377BB5191FA4B237005A3A28 /* AppDelegate.swift */,
				377BB51B1FA4B237005A3A28 /* ViewController.swift */,
				37D4A7381FA4F4CD006BB1F8 /* LoginViewController.swift */,
				37D4A7341FA4BB0F006BB1F8 /* BeaconService.swift */,
				37D4A7361FA4F18C006BB1F8 /* APIClient.swift */,
				377BB51D1FA4B237005A3A28 /* Main.storyboard */,
				377BB5201FA4B237005A3A28 /* Assets.xcassets */,
				377BB5221FA4B237005A3A28 /* LaunchScreen.storyboard */,
				377BB5251FA4B237005A3A28 /* Info.plist */,
				3721DFFA1FA52B720026DCE2 /* cert.der */,
				378F50EC1FA5E79D005FD764 /* in.wav */,
				378F50EB1FA5E79D005FD764 /* out.wav */,
				377FB0041FA5D8E600FD8704 /* hackyeah-Bridging-Header.h */,
			);
			path = hackyeah;
			sourceTree = "<group>";
		};
		377BB52D1FA4B237005A3A28 /* hackyeahTests */ = {
			isa = PBXGroup;
			children = (
				377BB52E1FA4B237005A3A28 /* hackyeahTests.swift */,
				377BB5301FA4B237005A3A28 /* Info.plist */,
			);
			path = hackyeahTests;
			sourceTree = "<group>";
		};
		451847A0190889FC45D42136 /* Pods */ = {
			isa = PBXGroup;
			children = (
				0E9D094C547831D6641217F7 /* Pods-hackyeah.debug.xcconfig */,
				9EC4C013310FC324D5616E73 /* Pods-hackyeah.release.xcconfig */,
				E2F7191342B6F4BDD7321F6F /* Pods-hackyeahTests.debug.xcconfig */,
				C0D14EAC1CEDC4BD3EDDF9A7 /* Pods-hackyeahTests.release.xcconfig */,
			);
			name = Pods;
			sourceTree = "<group>";
		};
		A652CEC237CE918F6C9F7322 /* Frameworks */ = {
			isa = PBXGroup;
			children = (
				62853DF3B9A151C89BDB5942 /* Pods_hackyeah.framework */,
				BFC70C9EAACD1B463732E942 /* Pods_hackyeahTests.framework */,
			);
			name = Frameworks;
			sourceTree = "<group>";
		};
/* End PBXGroup section */

/* Begin PBXNativeTarget section */
		377BB5151FA4B237005A3A28 /* hackyeah */ = {
			isa = PBXNativeTarget;
			buildConfigurationList = 377BB5331FA4B237005A3A28 /* Build configuration list for PBXNativeTarget "hackyeah" */;
			buildPhases = (
				65B322A2F5ABA87ED7F0F007 /* [CP] Check Pods Manifest.lock */,
				377BB5121FA4B237005A3A28 /* Sources */,
				377BB5131FA4B237005A3A28 /* Frameworks */,
				377BB5141FA4B237005A3A28 /* Resources */,
				CCD23717C9CBC0D6D93E845E /* [CP] Embed Pods Frameworks */,
				8D0C99CADDFFE2BD58F2B9A2 /* [CP] Copy Pods Resources */,
			);
			buildRules = (
			);
			dependencies = (
			);
			name = hackyeah;
			productName = hackyeah;
			productReference = 377BB5161FA4B237005A3A28 /* hackyeah.app */;
			productType = "com.apple.product-type.application";
		};
		377BB5291FA4B237005A3A28 /* hackyeahTests */ = {
			isa = PBXNativeTarget;
			buildConfigurationList = 377BB5361FA4B237005A3A28 /* Build configuration list for PBXNativeTarget "hackyeahTests" */;
			buildPhases = (
				2B398912377BB72353BD4F3B /* [CP] Check Pods Manifest.lock */,
				377BB5261FA4B237005A3A28 /* Sources */,
				377BB5271FA4B237005A3A28 /* Frameworks */,
				377BB5281FA4B237005A3A28 /* Resources */,
				04C1BAC1B8E0AE8D728A625A /* [CP] Embed Pods Frameworks */,
				71DD3265FFF128B9A82966D9 /* [CP] Copy Pods Resources */,
			);
			buildRules = (
			);
			dependencies = (
				377BB52C1FA4B237005A3A28 /* PBXTargetDependency */,
			);
			name = hackyeahTests;
			productName = hackyeahTests;
			productReference = 377BB52A1FA4B237005A3A28 /* hackyeahTests.xctest */;
			productType = "com.apple.product-type.bundle.unit-test";
		};
/* End PBXNativeTarget section */

/* Begin PBXProject section */
		377BB50E1FA4B237005A3A28 /* Project object */ = {
			isa = PBXProject;
			attributes = {
				LastSwiftUpdateCheck = 0900;
				LastUpgradeCheck = 0900;
				ORGANIZATIONNAME = Base;
				TargetAttributes = {
					377BB5151FA4B237005A3A28 = {
						CreatedOnToolsVersion = 9.0.1;
						ProvisioningStyle = Automatic;
					};
					377BB5291FA4B237005A3A28 = {
						CreatedOnToolsVersion = 9.0.1;
						ProvisioningStyle = Automatic;
						TestTargetID = 377BB5151FA4B237005A3A28;
					};
				};
			};
			buildConfigurationList = 377BB5111FA4B237005A3A28 /* Build configuration list for PBXProject "hackyeah" */;
			compatibilityVersion = "Xcode 8.0";
			developmentRegion = en;
			hasScannedForEncodings = 0;
			knownRegions = (
				en,
				Base,
			);
			mainGroup = 377BB50D1FA4B237005A3A28;
			productRefGroup = 377BB5171FA4B237005A3A28 /* Products */;
			projectDirPath = "";
			projectRoot = "";
			targets = (
				377BB5151FA4B237005A3A28 /* hackyeah */,
				377BB5291FA4B237005A3A28 /* hackyeahTests */,
			);
		};
/* End PBXProject section */

/* Begin PBXResourcesBuildPhase section */
		377BB5141FA4B237005A3A28 /* Resources */ = {
			isa = PBXResourcesBuildPhase;
			buildActionMask = 2147483647;
			files = (
				378F50ED1FA5E79D005FD764 /* out.wav in Resources */,
				377BB5241FA4B237005A3A28 /* LaunchScreen.storyboard in Resources */,
				377BB5211FA4B237005A3A28 /* Assets.xcassets in Resources */,
				378F50EE1FA5E79D005FD764 /* in.wav in Resources */,
				377BB51F1FA4B237005A3A28 /* Main.storyboard in Resources */,
				3721DFFB1FA52B720026DCE2 /* cert.der in Resources */,
			);
			runOnlyForDeploymentPostprocessing = 0;
		};
		377BB5281FA4B237005A3A28 /* Resources */ = {
			isa = PBXResourcesBuildPhase;
			buildActionMask = 2147483647;
			files = (
			);
			runOnlyForDeploymentPostprocessing = 0;
		};
/* End PBXResourcesBuildPhase section */

/* Begin PBXShellScriptBuildPhase section */
		04C1BAC1B8E0AE8D728A625A /* [CP] Embed Pods Frameworks */ = {
			isa = PBXShellScriptBuildPhase;
			buildActionMask = 2147483647;
			files = (
			);
			inputPaths = (
			);
			name = "[CP] Embed Pods Frameworks";
			outputPaths = (
			);
			runOnlyForDeploymentPostprocessing = 0;
			shellPath = /bin/sh;
			shellScript = "\"${SRCROOT}/Pods/Target Support Files/Pods-hackyeahTests/Pods-hackyeahTests-frameworks.sh\"\n";
			showEnvVarsInLog = 0;
		};
		2B398912377BB72353BD4F3B /* [CP] Check Pods Manifest.lock */ = {
			isa = PBXShellScriptBuildPhase;
			buildActionMask = 2147483647;
			files = (
			);
			inputPaths = (
				"${PODS_PODFILE_DIR_PATH}/Podfile.lock",
				"${PODS_ROOT}/Manifest.lock",
			);
			name = "[CP] Check Pods Manifest.lock";
			outputPaths = (
				"$(DERIVED_FILE_DIR)/Pods-hackyeahTests-checkManifestLockResult.txt",
			);
			runOnlyForDeploymentPostprocessing = 0;
			shellPath = /bin/sh;
			shellScript = "diff \"${PODS_PODFILE_DIR_PATH}/Podfile.lock\" \"${PODS_ROOT}/Manifest.lock\" > /dev/null\nif [ $? != 0 ] ; then\n    # print error to STDERR\n    echo \"error: The sandbox is not in sync with the Podfile.lock. Run 'pod install' or update your CocoaPods installation.\" >&2\n    exit 1\nfi\n# This output is used by Xcode 'outputs' to avoid re-running this script phase.\necho \"SUCCESS\" > \"${SCRIPT_OUTPUT_FILE_0}\"\n";
			showEnvVarsInLog = 0;
		};
		65B322A2F5ABA87ED7F0F007 /* [CP] Check Pods Manifest.lock */ = {
			isa = PBXShellScriptBuildPhase;
			buildActionMask = 2147483647;
			files = (
			);
			inputPaths = (
				"${PODS_PODFILE_DIR_PATH}/Podfile.lock",
				"${PODS_ROOT}/Manifest.lock",
			);
			name = "[CP] Check Pods Manifest.lock";
			outputPaths = (
				"$(DERIVED_FILE_DIR)/Pods-hackyeah-checkManifestLockResult.txt",
			);
			runOnlyForDeploymentPostprocessing = 0;
			shellPath = /bin/sh;
			shellScript = "diff \"${PODS_PODFILE_DIR_PATH}/Podfile.lock\" \"${PODS_ROOT}/Manifest.lock\" > /dev/null\nif [ $? != 0 ] ; then\n    # print error to STDERR\n    echo \"error: The sandbox is not in sync with the Podfile.lock. Run 'pod install' or update your CocoaPods installation.\" >&2\n    exit 1\nfi\n# This output is used by Xcode 'outputs' to avoid re-running this script phase.\necho \"SUCCESS\" > \"${SCRIPT_OUTPUT_FILE_0}\"\n";
			showEnvVarsInLog = 0;
		};
		71DD3265FFF128B9A82966D9 /* [CP] Copy Pods Resources */ = {
			isa = PBXShellScriptBuildPhase;
			buildActionMask = 2147483647;
			files = (
			);
			inputPaths = (
			);
			name = "[CP] Copy Pods Resources";
			outputPaths = (
			);
			runOnlyForDeploymentPostprocessing = 0;
			shellPath = /bin/sh;
			shellScript = "\"${SRCROOT}/Pods/Target Support Files/Pods-hackyeahTests/Pods-hackyeahTests-resources.sh\"\n";
			showEnvVarsInLog = 0;
		};
		8D0C99CADDFFE2BD58F2B9A2 /* [CP] Copy Pods Resources */ = {
			isa = PBXShellScriptBuildPhase;
			buildActionMask = 2147483647;
			files = (
			);
			inputPaths = (
			);
			name = "[CP] Copy Pods Resources";
			outputPaths = (
			);
			runOnlyForDeploymentPostprocessing = 0;
			shellPath = /bin/sh;
			shellScript = "\"${SRCROOT}/Pods/Target Support Files/Pods-hackyeah/Pods-hackyeah-resources.sh\"\n";
			showEnvVarsInLog = 0;
		};
		CCD23717C9CBC0D6D93E845E /* [CP] Embed Pods Frameworks */ = {
			isa = PBXShellScriptBuildPhase;
			buildActionMask = 2147483647;
			files = (
			);
			inputPaths = (
			);
			name = "[CP] Embed Pods Frameworks";
			outputPaths = (
			);
			runOnlyForDeploymentPostprocessing = 0;
			shellPath = /bin/sh;
			shellScript = "\"${SRCROOT}/Pods/Target Support Files/Pods-hackyeah/Pods-hackyeah-frameworks.sh\"\n";
			showEnvVarsInLog = 0;
		};
/* End PBXShellScriptBuildPhase section */

/* Begin PBXSourcesBuildPhase section */
		377BB5121FA4B237005A3A28 /* Sources */ = {
			isa = PBXSourcesBuildPhase;
			buildActionMask = 2147483647;
			files = (
				377BB51C1FA4B237005A3A28 /* ViewController.swift in Sources */,
				37D4A7351FA4BB0F006BB1F8 /* BeaconService.swift in Sources */,
				377BB51A1FA4B237005A3A28 /* AppDelegate.swift in Sources */,
				37D4A7391FA4F4CD006BB1F8 /* LoginViewController.swift in Sources */,
				37D4A7371FA4F18C006BB1F8 /* APIClient.swift in Sources */,
			);
			runOnlyForDeploymentPostprocessing = 0;
		};
		377BB5261FA4B237005A3A28 /* Sources */ = {
			isa = PBXSourcesBuildPhase;
			buildActionMask = 2147483647;
			files = (
				377BB52F1FA4B237005A3A28 /* hackyeahTests.swift in Sources */,
			);
			runOnlyForDeploymentPostprocessing = 0;
		};
/* End PBXSourcesBuildPhase section */

/* Begin PBXTargetDependency section */
		377BB52C1FA4B237005A3A28 /* PBXTargetDependency */ = {
			isa = PBXTargetDependency;
			target = 377BB5151FA4B237005A3A28 /* hackyeah */;
			targetProxy = 377BB52B1FA4B237005A3A28 /* PBXContainerItemProxy */;
		};
/* End PBXTargetDependency section */

/* Begin PBXVariantGroup section */
		377BB51D1FA4B237005A3A28 /* Main.storyboard */ = {
			isa = PBXVariantGroup;
			children = (
				377BB51E1FA4B237005A3A28 /* Base */,
			);
			name = Main.storyboard;
			sourceTree = "<group>";
		};
		377BB5221FA4B237005A3A28 /* LaunchScreen.storyboard */ = {
			isa = PBXVariantGroup;
			children = (
				377BB5231FA4B237005A3A28 /* Base */,
			);
			name = LaunchScreen.storyboard;
			sourceTree = "<group>";
		};
/* End PBXVariantGroup section */

/* Begin XCBuildConfiguration section */
		377BB5311FA4B237005A3A28 /* Debug */ = {
			isa = XCBuildConfiguration;
			buildSettings = {
				ALWAYS_SEARCH_USER_PATHS = NO;
				CLANG_ANALYZER_NONNULL = YES;
				CLANG_ANALYZER_NUMBER_OBJECT_CONVERSION = YES_AGGRESSIVE;
				CLANG_CXX_LANGUAGE_STANDARD = "gnu++14";
				CLANG_CXX_LIBRARY = "libc++";
				CLANG_ENABLE_MODULES = YES;
				CLANG_ENABLE_OBJC_ARC = YES;
				CLANG_WARN_BLOCK_CAPTURE_AUTORELEASING = YES;
				CLANG_WARN_BOOL_CONVERSION = YES;
				CLANG_WARN_COMMA = YES;
				CLANG_WARN_CONSTANT_CONVERSION = YES;
				CLANG_WARN_DIRECT_OBJC_ISA_USAGE = YES_ERROR;
				CLANG_WARN_DOCUMENTATION_COMMENTS = YES;
				CLANG_WARN_EMPTY_BODY = YES;
				CLANG_WARN_ENUM_CONVERSION = YES;
				CLANG_WARN_INFINITE_RECURSION = YES;
				CLANG_WARN_INT_CONVERSION = YES;
				CLANG_WARN_NON_LITERAL_NULL_CONVERSION = YES;
				CLANG_WARN_OBJC_LITERAL_CONVERSION = YES;
				CLANG_WARN_OBJC_ROOT_CLASS = YES_ERROR;
				CLANG_WARN_RANGE_LOOP_ANALYSIS = YES;
				CLANG_WARN_STRICT_PROTOTYPES = YES;
				CLANG_WARN_SUSPICIOUS_MOVE = YES;
				CLANG_WARN_UNGUARDED_AVAILABILITY = YES_AGGRESSIVE;
				CLANG_WARN_UNREACHABLE_CODE = YES;
				CLANG_WARN__DUPLICATE_METHOD_MATCH = YES;
				CODE_SIGN_IDENTITY = "iPhone Developer";
				COPY_PHASE_STRIP = NO;
				DEBUG_INFORMATION_FORMAT = dwarf;
				ENABLE_STRICT_OBJC_MSGSEND = YES;
				ENABLE_TESTABILITY = YES;
				GCC_C_LANGUAGE_STANDARD = gnu11;
				GCC_DYNAMIC_NO_PIC = NO;
				GCC_NO_COMMON_BLOCKS = YES;
				GCC_OPTIMIZATION_LEVEL = 0;
				GCC_PREPROCESSOR_DEFINITIONS = (
					"DEBUG=1",
					"$(inherited)",
				);
				GCC_WARN_64_TO_32_BIT_CONVERSION = YES;
				GCC_WARN_ABOUT_RETURN_TYPE = YES_ERROR;
				GCC_WARN_UNDECLARED_SELECTOR = YES;
				GCC_WARN_UNINITIALIZED_AUTOS = YES_AGGRESSIVE;
				GCC_WARN_UNUSED_FUNCTION = YES;
				GCC_WARN_UNUSED_VARIABLE = YES;
				IPHONEOS_DEPLOYMENT_TARGET = 11.0;
				MTL_ENABLE_DEBUG_INFO = YES;
				ONLY_ACTIVE_ARCH = YES;
				SDKROOT = iphoneos;
				SWIFT_ACTIVE_COMPILATION_CONDITIONS = DEBUG;
				SWIFT_OPTIMIZATION_LEVEL = "-Onone";
			};
			name = Debug;
		};
		377BB5321FA4B237005A3A28 /* Release */ = {
			isa = XCBuildConfiguration;
			buildSettings = {
				ALWAYS_SEARCH_USER_PATHS = NO;
				CLANG_ANALYZER_NONNULL = YES;
				CLANG_ANALYZER_NUMBER_OBJECT_CONVERSION = YES_AGGRESSIVE;
				CLANG_CXX_LANGUAGE_STANDARD = "gnu++14";
				CLANG_CXX_LIBRARY = "libc++";
				CLANG_ENABLE_MODULES = YES;
				CLANG_ENABLE_OBJC_ARC = YES;
				CLANG_WARN_BLOCK_CAPTURE_AUTORELEASING = YES;
				CLANG_WARN_BOOL_CONVERSION = YES;
				CLANG_WARN_COMMA = YES;
				CLANG_WARN_CONSTANT_CONVERSION = YES;
				CLANG_WARN_DIRECT_OBJC_ISA_USAGE = YES_ERROR;
				CLANG_WARN_DOCUMENTATION_COMMENTS = YES;
				CLANG_WARN_EMPTY_BODY = YES;
				CLANG_WARN_ENUM_CONVERSION = YES;
				CLANG_WARN_INFINITE_RECURSION = YES;
				CLANG_WARN_INT_CONVERSION = YES;
				CLANG_WARN_NON_LITERAL_NULL_CONVERSION = YES;
				CLANG_WARN_OBJC_LITERAL_CONVERSION = YES;
				CLANG_WARN_OBJC_ROOT_CLASS = YES_ERROR;
				CLANG_WARN_RANGE_LOOP_ANALYSIS = YES;
				CLANG_WARN_STRICT_PROTOTYPES = YES;
				CLANG_WARN_SUSPICIOUS_MOVE = YES;
				CLANG_WARN_UNGUARDED_AVAILABILITY = YES_AGGRESSIVE;
				CLANG_WARN_UNREACHABLE_CODE = YES;
				CLANG_WARN__DUPLICATE_METHOD_MATCH = YES;
				CODE_SIGN_IDENTITY = "iPhone Developer";
				COPY_PHASE_STRIP = NO;
				DEBUG_INFORMATION_FORMAT = "dwarf-with-dsym";
				ENABLE_NS_ASSERTIONS = NO;
				ENABLE_STRICT_OBJC_MSGSEND = YES;
				GCC_C_LANGUAGE_STANDARD = gnu11;
				GCC_NO_COMMON_BLOCKS = YES;
				GCC_WARN_64_TO_32_BIT_CONVERSION = YES;
				GCC_WARN_ABOUT_RETURN_TYPE = YES_ERROR;
				GCC_WARN_UNDECLARED_SELECTOR = YES;
				GCC_WARN_UNINITIALIZED_AUTOS = YES_AGGRESSIVE;
				GCC_WARN_UNUSED_FUNCTION = YES;
				GCC_WARN_UNUSED_VARIABLE = YES;
				IPHONEOS_DEPLOYMENT_TARGET = 11.0;
				MTL_ENABLE_DEBUG_INFO = NO;
				SDKROOT = iphoneos;
				SWIFT_OPTIMIZATION_LEVEL = "-Owholemodule";
				VALIDATE_PRODUCT = YES;
			};
			name = Release;
		};
		377BB5341FA4B237005A3A28 /* Debug */ = {
			isa = XCBuildConfiguration;
			baseConfigurationReference = 0E9D094C547831D6641217F7 /* Pods-hackyeah.debug.xcconfig */;
			buildSettings = {
				ASSETCATALOG_COMPILER_APPICON_NAME = AppIcon;
				CODE_SIGN_STYLE = Automatic;
				DEVELOPMENT_TEAM = J37CWUMG5R;
				INFOPLIST_FILE = hackyeah/Info.plist;
				LD_RUNPATH_SEARCH_PATHS = "$(inherited) @executable_path/Frameworks";
				PRODUCT_BUNDLE_IDENTIFIER = com.thickmug.hackyeah;
				PRODUCT_NAME = "$(TARGET_NAME)";
				SWIFT_OBJC_BRIDGING_HEADER = "hackyeah/hackyeah-Bridging-Header.h";
				SWIFT_VERSION = 4.0;
				TARGETED_DEVICE_FAMILY = "1,2";
			};
			name = Debug;
		};
		377BB5351FA4B237005A3A28 /* Release */ = {
			isa = XCBuildConfiguration;
			baseConfigurationReference = 9EC4C013310FC324D5616E73 /* Pods-hackyeah.release.xcconfig */;
			buildSettings = {
				ASSETCATALOG_COMPILER_APPICON_NAME = AppIcon;
				CODE_SIGN_STYLE = Automatic;
				DEVELOPMENT_TEAM = J37CWUMG5R;
				INFOPLIST_FILE = hackyeah/Info.plist;
				LD_RUNPATH_SEARCH_PATHS = "$(inherited) @executable_path/Frameworks";
				PRODUCT_BUNDLE_IDENTIFIER = com.thickmug.hackyeah;
				PRODUCT_NAME = "$(TARGET_NAME)";
				SWIFT_OBJC_BRIDGING_HEADER = "hackyeah/hackyeah-Bridging-Header.h";
				SWIFT_VERSION = 4.0;
				TARGETED_DEVICE_FAMILY = "1,2";
			};
			name = Release;
		};
		377BB5371FA4B237005A3A28 /* Debug */ = {
			isa = XCBuildConfiguration;
			baseConfigurationReference = E2F7191342B6F4BDD7321F6F /* Pods-hackyeahTests.debug.xcconfig */;
			buildSettings = {
				ALWAYS_EMBED_SWIFT_STANDARD_LIBRARIES = YES;
				BUNDLE_LOADER = "$(TEST_HOST)";
				CODE_SIGN_STYLE = Automatic;
				DEVELOPMENT_TEAM = Y8JL4GUYW3;
				INFOPLIST_FILE = hackyeahTests/Info.plist;
				LD_RUNPATH_SEARCH_PATHS = "$(inherited) @executable_path/Frameworks @loader_path/Frameworks";
				PRODUCT_BUNDLE_IDENTIFIER = com.getbase.hackyeahTests;
				PRODUCT_NAME = "$(TARGET_NAME)";
				SWIFT_VERSION = 4.0;
				TARGETED_DEVICE_FAMILY = "1,2";
				TEST_HOST = "$(BUILT_PRODUCTS_DIR)/hackyeah.app/hackyeah";
			};
			name = Debug;
		};
		377BB5381FA4B237005A3A28 /* Release */ = {
			isa = XCBuildConfiguration;
			baseConfigurationReference = C0D14EAC1CEDC4BD3EDDF9A7 /* Pods-hackyeahTests.release.xcconfig */;
			buildSettings = {
				ALWAYS_EMBED_SWIFT_STANDARD_LIBRARIES = YES;
				BUNDLE_LOADER = "$(TEST_HOST)";
				CODE_SIGN_STYLE = Automatic;
				DEVELOPMENT_TEAM = Y8JL4GUYW3;
				INFOPLIST_FILE = hackyeahTests/Info.plist;
				LD_RUNPATH_SEARCH_PATHS = "$(inherited) @executable_path/Frameworks @loader_path/Frameworks";
				PRODUCT_BUNDLE_IDENTIFIER = com.getbase.hackyeahTests;
				PRODUCT_NAME = "$(TARGET_NAME)";
				SWIFT_VERSION = 4.0;
				TARGETED_DEVICE_FAMILY = "1,2";
				TEST_HOST = "$(BUILT_PRODUCTS_DIR)/hackyeah.app/hackyeah";
			};
			name = Release;
		};
/* End XCBuildConfiguration section */

/* Begin XCConfigurationList section */
		377BB5111FA4B237005A3A28 /* Build configuration list for PBXProject "hackyeah" */ = {
			isa = XCConfigurationList;
			buildConfigurations = (
				377BB5311FA4B237005A3A28 /* Debug */,
				377BB5321FA4B237005A3A28 /* Release */,
			);
			defaultConfigurationIsVisible = 0;
			defaultConfigurationName = Release;
		};
		377BB5331FA4B237005A3A28 /* Build configuration list for PBXNativeTarget "hackyeah" */ = {
			isa = XCConfigurationList;
			buildConfigurations = (
				377BB5341FA4B237005A3A28 /* Debug */,
				377BB5351FA4B237005A3A28 /* Release */,
			);
			defaultConfigurationIsVisible = 0;
			defaultConfigurationName = Release;
		};
		377BB5361FA4B237005A3A28 /* Build configuration list for PBXNativeTarget "hackyeahTests" */ = {
			isa = XCConfigurationList;
			buildConfigurations = (
				377BB5371FA4B237005A3A28 /* Debug */,
				377BB5381FA4B237005A3A28 /* Release */,
			);
			defaultConfigurationIsVisible = 0;
			defaultConfigurationName = Release;
		};
/* End XCConfigurationList section */
	};
	rootObject = 377BB50E1FA4B237005A3A28 /* Project object */;
}
